schema: '2.0'
stages:
  enhance:
    cmd: lyscripts data enhance data/2021-clb-oropharynx.csv data/enhanced.csv
    deps:
    - path: data/2021-clb-oropharynx.csv
      hash: md5
      md5: d40c0a1ae967a6983d60a0a809cf3972
      size: 92742
    params:
      params.yaml:
        modalities:
          CT:
          - 0.76
          - 0.81
          MRI:
          - 0.63
          - 0.81
          PET:
          - 0.86
          - 0.79
          FNA:
          - 0.98
          - 0.8
          diagnostic_consensus:
          - 0.86
          - 0.81
          pathology:
          - 1.0
          - 1.0
          pCT:
          - 0.86
          - 0.81
          max_llh:
          - 1.0
          - 1.0
    outs:
    - path: data/enhanced.csv
      hash: md5
      md5: 3c172958ffa3b0228a6134c60ba54a44
      size: 115389
